
Microsoft Visual Studio Solution File, Format Version 12.00
# Visual Studio Version 17
VisualStudioVersion = 17.9.34622.214
MinimumVisualStudioVersion = 10.0.40219.1
Project("{FAE04EC0-301F-11D3-BF4B-00C04F79EFBC}") = "RockScissorsPaper_Game", "RockScissorsPaper_Game.csproj", "{FD13C7DF-CAF3-4858-9385-2D6922D4F615}"
EndProject
Global
	GlobalSection(SolutionConfigurationPlatforms) = preSolution
		Debug|Any CPU = Debug|Any CPU
		Release|Any CPU = Release|Any CPU
	EndGlobalSection
	GlobalSection(ProjectConfigurationPlatforms) = postSolution
		{FD13C7DF-CAF3-4858-9385-2D6922D4F615}.Debug|Any CPU.ActiveCfg = Debug|Any CPU
		{FD13C7DF-CAF3-4858-9385-2D6922D4F615}.Debug|Any CPU.Build.0 = Debug|Any CPU
		{FD13C7DF-CAF3-4858-9385-2D6922D4F615}.Release|Any CPU.ActiveCfg = Release|Any CPU
		{FD13C7DF-CAF3-4858-9385-2D6922D4F615}.Release|Any CPU.Build.0 = Release|Any CPU
	EndGlobalSection
	GlobalSection(SolutionProperties) = preSolution
		HideSolutionNode = FALSE
	EndGlobalSection
	GlobalSection(ExtensibilityGlobals) = postSolution
		SolutionGuid = {5A502797-F5BC-4E9C-A72A-5CD5EAFC9A88}
	EndGlobalSection
EndGlobal
